
Microsoft Visual Studio Solution File, Format Version 12.00
# Visual Studio Version 16
VisualStudioVersion = 16.0.32002.261
MinimumVisualStudioVersion = 10.0.40219.1
Project("{FAE04EC0-301F-11D3-BF4B-00C04F79EFBC}") = "lookForTravelUC", "lookForTravelUC\lookForTravelUC.csproj", "{C8EE8491-B917-4365-8628-00732095D1AD}"
EndProject
Global
	GlobalSection(SolutionConfigurationPlatforms) = preSolution
		Debug|Any CPU = Debug|Any CPU
		Release|Any CPU = Release|Any CPU
	EndGlobalSection
	GlobalSection(ProjectConfigurationPlatforms) = postSolution
		{C8EE8491-B917-4365-8628-00732095D1AD}.Debug|Any CPU.ActiveCfg = Debug|Any CPU
		{C8EE8491-B917-4365-8628-00732095D1AD}.Debug|Any CPU.Build.0 = Debug|Any CPU
		{C8EE8491-B917-4365-8628-00732095D1AD}.Release|Any CPU.ActiveCfg = Release|Any CPU
		{C8EE8491-B917-4365-8628-00732095D1AD}.Release|Any CPU.Build.0 = Release|Any CPU
	EndGlobalSection
	GlobalSection(SolutionProperties) = preSolution
		HideSolutionNode = FALSE
	EndGlobalSection
	GlobalSection(ExtensibilityGlobals) = postSolution
		SolutionGuid = {2ABB289D-C633-40DB-89C4-A8AD65BE4A5C}
	EndGlobalSection
EndGlobal
